lockfileVersion: 5.3

overrides:
  flow-bin: 0.138.0

importers:

  .:
    specifiers: {}

  packages/thing/where/here:
    specifiers:
      flow-bin: 0.138.0
    dependencies:
      flow-bin: 0.138.0

packages:

  /flow-bin/0.138.0:
    resolution: {integrity: sha512-y3twwNeN0FWEK0vvJo/5SiC/OQVlhubGRyOPIS6p49b2yiiWE/cBFG/aC9kFXFfh7Orewe5O5B2X0+IiEOCYIw==}
    engines: {node: '>=0.10.0'}
    hasBin: true
    dev: false
