importers:
  .:
    specifiers: {}
  packages/thing/where/here:
    dependencies:
      flow-bin: 0.148.0
    specifiers:
      flow-bin: '*'
lockfileVersion: 5.2
overrides:
  flow-bin: 0.138.0
packages:
  /flow-bin/0.148.0:
    dev: false
    engines:
      node: '>=0.10.0'
    hasBin: true
    resolution:
      integrity: sha512-7Cx6BUm8UAlbqtYJNYXdMrh900MQhNV+SjtBxZuWN7UmlVG4tIRNzNLEOjNnj2DN2vcL1wfI5IlSUXnws/QCEw==
